
Microsoft Visual Studio Solution File, Format Version 12.00
# Visual Studio Version 16
VisualStudioVersion = 16.0.30907.101
MinimumVisualStudioVersion = 10.0.40219.1
Project("{FAE04EC0-301F-11D3-BF4B-00C04F79EFBC}") = "ModBus", "ModBus\ModBus.csproj", "{75672F62-FF6C-4ED4-9B97-4D0B52CC3465}"
EndProject
Global
	GlobalSection(SolutionConfigurationPlatforms) = preSolution
		Debug|Any CPU = Debug|Any CPU
		Release|Any CPU = Release|Any CPU
	EndGlobalSection
	GlobalSection(ProjectConfigurationPlatforms) = postSolution
		{75672F62-FF6C-4ED4-9B97-4D0B52CC3465}.Debug|Any CPU.ActiveCfg = Debug|Any CPU
		{75672F62-FF6C-4ED4-9B97-4D0B52CC3465}.Debug|Any CPU.Build.0 = Debug|Any CPU
		{75672F62-FF6C-4ED4-9B97-4D0B52CC3465}.Release|Any CPU.ActiveCfg = Release|Any CPU
		{75672F62-FF6C-4ED4-9B97-4D0B52CC3465}.Release|Any CPU.Build.0 = Release|Any CPU
	EndGlobalSection
	GlobalSection(SolutionProperties) = preSolution
		HideSolutionNode = FALSE
	EndGlobalSection
	GlobalSection(ExtensibilityGlobals) = postSolution
		SolutionGuid = {094D402E-2480-40D5-9AF2-6FBDCF98578D}
	EndGlobalSection
EndGlobal
